# This file is automatically generated by uv.
# It is not intended for manual editing.

[[package]]
name = "example-project"
version = "0.1.0"
source = { editable = "." }
dependencies = [
    { name = "pydantic" },
    { name = "requests" },
]

[package.metadata]
requires-dist = [
    { name = "pydantic", specifier = ">=2.0.0" },
    { name = "requests", specifier = ">=2.28.0" },
]

[[package]]
name = "pydantic"
version = "2.5.0"
source = { registry = "https://pypi.org/simple" }
dependencies = [
    { name = "annotated-types" },
    { name = "pydantic-core" },
    { name = "typing-extensions" },
]
sdist = { url = "https://files.pythonhosted.org/packages/source/p/pydantic/pydantic-2.5.0.tar.gz", hash = "sha256:..." }
wheels = [
    { url = "https://files.pythonhosted.org/packages/whl/pydantic/pydantic-2.5.0-py3-none-any.whl", hash = "sha256:..." },
]

[[package]]
name = "requests"
version = "2.31.0"
source = { registry = "https://pypi.org/simple" }
dependencies = [
    { name = "certifi" },
    { name = "charset-normalizer" },
    { name = "idna" },
    { name = "urllib3" },
]
sdist = { url = "https://files.pythonhosted.org/packages/source/r/requests/requests-2.31.0.tar.gz", hash = "sha256:..." }
wheels = [
    { url = "https://files.pythonhosted.org/packages/whl/requests/requests-2.31.0-py3-none-any.whl", hash = "sha256:..." },
]